
Microsoft Visual Studio Solution File, Format Version 12.00
# Visual Studio Version 17
VisualStudioVersion = 17.14.36414.22 d17.14
MinimumVisualStudioVersion = 10.0.40219.1
Project("{FAE04EC0-301F-11D3-BF4B-00C04F79EFBC}") = "Hello World", "Hello World\Hello World.csproj", "{D8AC8186-72A3-4372-A434-C39632C2254C}"
EndProject
Global
	GlobalSection(SolutionConfigurationPlatforms) = preSolution
		Debug|Any CPU = Debug|Any CPU
		Release|Any CPU = Release|Any CPU
	EndGlobalSection
	GlobalSection(ProjectConfigurationPlatforms) = postSolution
		{D8AC8186-72A3-4372-A434-C39632C2254C}.Debug|Any CPU.ActiveCfg = Debug|Any CPU
		{D8AC8186-72A3-4372-A434-C39632C2254C}.Debug|Any CPU.Build.0 = Debug|Any CPU
		{D8AC8186-72A3-4372-A434-C39632C2254C}.Release|Any CPU.ActiveCfg = Release|Any CPU
		{D8AC8186-72A3-4372-A434-C39632C2254C}.Release|Any CPU.Build.0 = Release|Any CPU
	EndGlobalSection
	GlobalSection(SolutionProperties) = preSolution
		HideSolutionNode = FALSE
	EndGlobalSection
	GlobalSection(ExtensibilityGlobals) = postSolution
		SolutionGuid = {D0B0C0A9-9282-4A2D-BCCE-7398B603A72D}
	EndGlobalSection
EndGlobal
